
Microsoft Visual Studio Solution File, Format Version 12.00
# Visual Studio Version 16
VisualStudioVersion = 16.0.30104.148
MinimumVisualStudioVersion = 10.0.40219.1
Project("{9A19103F-16F7-4668-BE54-9A1E7A4F7556}") = "CollectionApp", "CollectionApp\CollectionApp.csproj", "{444CADAA-894A-468F-9496-8DA47FCC47B9}"
EndProject
Project("{FAE04EC0-301F-11D3-BF4B-00C04F79EFBC}") = "CollectionLogic", "CollectionLogic\CollectionLogic.csproj", "{95D59C7A-D2B2-4B3B-9404-7ADD909775EC}"
EndProject
Project("{FAE04EC0-301F-11D3-BF4B-00C04F79EFBC}") = "CollectionData", "CollectionData\CollectionData.csproj", "{8AD0390C-9146-4BF3-8E68-96456548C5BA}"
EndProject
Project("{FAE04EC0-301F-11D3-BF4B-00C04F79EFBC}") = "CollectionEntities", "CollectionEntities\CollectionEntities.csproj", "{6595C612-6B0A-4EAB-9A6F-405206B507F2}"
EndProject
Project("{FAE04EC0-301F-11D3-BF4B-00C04F79EFBC}") = "CollectionFactory", "CollectionFactory\CollectionFactory.csproj", "{4CB8ABF1-6C70-4FA3-ABA3-2D0965EB9A44}"
EndProject
Project("{E53339B2-1760-4266-BCC7-CA923CBCF16C}") = "docker-compose", "docker-compose.dcproj", "{206FAC63-040C-47B3-AE5A-6649BB9BBFB9}"
EndProject
Project("{FAE04EC0-301F-11D3-BF4B-00C04F79EFBC}") = "CollectionProduct", "..\CollectionAssortiment\CollectionProduct.csproj", "{53F643DB-0F9B-4868-979B-679A5AECF9AD}"
EndProject
Project("{9A19103F-16F7-4668-BE54-9A1E7A4F7556}") = "CollectionAdmin", "CollectionAdmin\CollectionAdmin.csproj", "{5D8BC941-9E1E-4374-9734-8A50EBBD970A}"
EndProject
Project("{FAE04EC0-301F-11D3-BF4B-00C04F79EFBC}") = "CollectionAdmin_Data", "CollectionAdmin_Data\CollectionAdmin_Data.csproj", "{DBBA6893-414A-423E-9597-816CB1C3716E}"
EndProject
Project("{FAE04EC0-301F-11D3-BF4B-00C04F79EFBC}") = "CollectionAdmin_Entities", "CollectionAdmin_Entities\CollectionAdmin_Entities.csproj", "{E3EF8F63-B763-4210-8DCC-CE433FD5B830}"
EndProject
Project("{FAE04EC0-301F-11D3-BF4B-00C04F79EFBC}") = "CollectionAdmin_Factory", "CollectionAdmin_Factory\CollectionAdmin_Factory.csproj", "{2B91AF02-8E74-4F4D-8F66-1816F1D47322}"
EndProject
Project("{FAE04EC0-301F-11D3-BF4B-00C04F79EFBC}") = "CollectionAdmin_Logic", "CollectionAdmin_Logic\CollectionAdmin_Logic.csproj", "{037777C8-1E8E-4103-AF96-7F41EB2BA4C9}"
EndProject
Global
	GlobalSection(SolutionConfigurationPlatforms) = preSolution
		Debug|Any CPU = Debug|Any CPU
		Release|Any CPU = Release|Any CPU
	EndGlobalSection
	GlobalSection(ProjectConfigurationPlatforms) = postSolution
		{444CADAA-894A-468F-9496-8DA47FCC47B9}.Debug|Any CPU.ActiveCfg = Debug|Any CPU
		{444CADAA-894A-468F-9496-8DA47FCC47B9}.Debug|Any CPU.Build.0 = Debug|Any CPU
		{444CADAA-894A-468F-9496-8DA47FCC47B9}.Release|Any CPU.ActiveCfg = Release|Any CPU
		{444CADAA-894A-468F-9496-8DA47FCC47B9}.Release|Any CPU.Build.0 = Release|Any CPU
		{95D59C7A-D2B2-4B3B-9404-7ADD909775EC}.Debug|Any CPU.ActiveCfg = Debug|Any CPU
		{95D59C7A-D2B2-4B3B-9404-7ADD909775EC}.Debug|Any CPU.Build.0 = Debug|Any CPU
		{95D59C7A-D2B2-4B3B-9404-7ADD909775EC}.Release|Any CPU.ActiveCfg = Release|Any CPU
		{95D59C7A-D2B2-4B3B-9404-7ADD909775EC}.Release|Any CPU.Build.0 = Release|Any CPU
		{8AD0390C-9146-4BF3-8E68-96456548C5BA}.Debug|Any CPU.ActiveCfg = Debug|Any CPU
		{8AD0390C-9146-4BF3-8E68-96456548C5BA}.Debug|Any CPU.Build.0 = Debug|Any CPU
		{8AD0390C-9146-4BF3-8E68-96456548C5BA}.Release|Any CPU.ActiveCfg = Release|Any CPU
		{8AD0390C-9146-4BF3-8E68-96456548C5BA}.Release|Any CPU.Build.0 = Release|Any CPU
		{6595C612-6B0A-4EAB-9A6F-405206B507F2}.Debug|Any CPU.ActiveCfg = Debug|Any CPU
		{6595C612-6B0A-4EAB-9A6F-405206B507F2}.Debug|Any CPU.Build.0 = Debug|Any CPU
		{6595C612-6B0A-4EAB-9A6F-405206B507F2}.Release|Any CPU.ActiveCfg = Release|Any CPU
		{6595C612-6B0A-4EAB-9A6F-405206B507F2}.Release|Any CPU.Build.0 = Release|Any CPU
		{4CB8ABF1-6C70-4FA3-ABA3-2D0965EB9A44}.Debug|Any CPU.ActiveCfg = Debug|Any CPU
		{4CB8ABF1-6C70-4FA3-ABA3-2D0965EB9A44}.Debug|Any CPU.Build.0 = Debug|Any CPU
		{4CB8ABF1-6C70-4FA3-ABA3-2D0965EB9A44}.Release|Any CPU.ActiveCfg = Release|Any CPU
		{4CB8ABF1-6C70-4FA3-ABA3-2D0965EB9A44}.Release|Any CPU.Build.0 = Release|Any CPU
		{206FAC63-040C-47B3-AE5A-6649BB9BBFB9}.Debug|Any CPU.ActiveCfg = Debug|Any CPU
		{206FAC63-040C-47B3-AE5A-6649BB9BBFB9}.Debug|Any CPU.Build.0 = Debug|Any CPU
		{206FAC63-040C-47B3-AE5A-6649BB9BBFB9}.Release|Any CPU.ActiveCfg = Release|Any CPU
		{206FAC63-040C-47B3-AE5A-6649BB9BBFB9}.Release|Any CPU.Build.0 = Release|Any CPU
		{53F643DB-0F9B-4868-979B-679A5AECF9AD}.Debug|Any CPU.ActiveCfg = Debug|Any CPU
		{53F643DB-0F9B-4868-979B-679A5AECF9AD}.Debug|Any CPU.Build.0 = Debug|Any CPU
		{53F643DB-0F9B-4868-979B-679A5AECF9AD}.Release|Any CPU.ActiveCfg = Release|Any CPU
		{53F643DB-0F9B-4868-979B-679A5AECF9AD}.Release|Any CPU.Build.0 = Release|Any CPU
		{5D8BC941-9E1E-4374-9734-8A50EBBD970A}.Debug|Any CPU.ActiveCfg = Debug|Any CPU
		{5D8BC941-9E1E-4374-9734-8A50EBBD970A}.Debug|Any CPU.Build.0 = Debug|Any CPU
		{5D8BC941-9E1E-4374-9734-8A50EBBD970A}.Release|Any CPU.ActiveCfg = Release|Any CPU
		{5D8BC941-9E1E-4374-9734-8A50EBBD970A}.Release|Any CPU.Build.0 = Release|Any CPU
		{DBBA6893-414A-423E-9597-816CB1C3716E}.Debug|Any CPU.ActiveCfg = Debug|Any CPU
		{DBBA6893-414A-423E-9597-816CB1C3716E}.Debug|Any CPU.Build.0 = Debug|Any CPU
		{DBBA6893-414A-423E-9597-816CB1C3716E}.Release|Any CPU.ActiveCfg = Release|Any CPU
		{DBBA6893-414A-423E-9597-816CB1C3716E}.Release|Any CPU.Build.0 = Release|Any CPU
		{E3EF8F63-B763-4210-8DCC-CE433FD5B830}.Debug|Any CPU.ActiveCfg = Debug|Any CPU
		{E3EF8F63-B763-4210-8DCC-CE433FD5B830}.Debug|Any CPU.Build.0 = Debug|Any CPU
		{E3EF8F63-B763-4210-8DCC-CE433FD5B830}.Release|Any CPU.ActiveCfg = Release|Any CPU
		{E3EF8F63-B763-4210-8DCC-CE433FD5B830}.Release|Any CPU.Build.0 = Release|Any CPU
		{2B91AF02-8E74-4F4D-8F66-1816F1D47322}.Debug|Any CPU.ActiveCfg = Debug|Any CPU
		{2B91AF02-8E74-4F4D-8F66-1816F1D47322}.Debug|Any CPU.Build.0 = Debug|Any CPU
		{2B91AF02-8E74-4F4D-8F66-1816F1D47322}.Release|Any CPU.ActiveCfg = Release|Any CPU
		{2B91AF02-8E74-4F4D-8F66-1816F1D47322}.Release|Any CPU.Build.0 = Release|Any CPU
		{037777C8-1E8E-4103-AF96-7F41EB2BA4C9}.Debug|Any CPU.ActiveCfg = Debug|Any CPU
		{037777C8-1E8E-4103-AF96-7F41EB2BA4C9}.Debug|Any CPU.Build.0 = Debug|Any CPU
		{037777C8-1E8E-4103-AF96-7F41EB2BA4C9}.Release|Any CPU.ActiveCfg = Release|Any CPU
		{037777C8-1E8E-4103-AF96-7F41EB2BA4C9}.Release|Any CPU.Build.0 = Release|Any CPU
	EndGlobalSection
	GlobalSection(SolutionProperties) = preSolution
		HideSolutionNode = FALSE
	EndGlobalSection
	GlobalSection(ExtensibilityGlobals) = postSolution
		SolutionGuid = {E58B6F09-5B57-450B-901C-71DA7480894D}
	EndGlobalSection
EndGlobal
