
Microsoft Visual Studio Solution File, Format Version 12.00
# Visual Studio Version 16
VisualStudioVersion = 16.0.30104.148
MinimumVisualStudioVersion = 10.0.40219.1
Project("{9A19103F-16F7-4668-BE54-9A1E7A4F7556}") = "CollectionApp", "CollectionApp\CollectionApp.csproj", "{444CADAA-894A-468F-9496-8DA47FCC47B9}"
EndProject
Project("{FAE04EC0-301F-11D3-BF4B-00C04F79EFBC}") = "CollectionLogic", "CollectionLogic\CollectionLogic.csproj", "{95D59C7A-D2B2-4B3B-9404-7ADD909775EC}"
EndProject
Project("{FAE04EC0-301F-11D3-BF4B-00C04F79EFBC}") = "CollectionData", "CollectionData\CollectionData.csproj", "{8AD0390C-9146-4BF3-8E68-96456548C5BA}"
EndProject
Project("{FAE04EC0-301F-11D3-BF4B-00C04F79EFBC}") = "CollectionEntities", "CollectionEntities\CollectionEntities.csproj", "{6595C612-6B0A-4EAB-9A6F-405206B507F2}"
EndProject
Project("{FAE04EC0-301F-11D3-BF4B-00C04F79EFBC}") = "CollectionFactory", "CollectionFactory\CollectionFactory.csproj", "{4CB8ABF1-6C70-4FA3-ABA3-2D0965EB9A44}"
EndProject
Project("{E53339B2-1760-4266-BCC7-CA923CBCF16C}") = "docker-compose", "docker-compose.dcproj", "{206FAC63-040C-47B3-AE5A-6649BB9BBFB9}"
EndProject
Project("{FAE04EC0-301F-11D3-BF4B-00C04F79EFBC}") = "CollectionProduct", "..\CollectionAssortiment\CollectionProduct.csproj", "{53F643DB-0F9B-4868-979B-679A5AECF9AD}"
EndProject
Project("{9A19103F-16F7-4668-BE54-9A1E7A4F7556}") = "CollectionAdmin", "CollectionAdmin\CollectionAdmin.csproj", "{5D8BC941-9E1E-4374-9734-8A50EBBD970A}"
EndProject
Project("{FAE04EC0-301F-11D3-BF4B-00C04F79EFBC}") = "CollectionAdmin_Data", "CollectionAdmin_Data\CollectionAdmin_Data.csproj", "{DBBA6893-414A-423E-9597-816CB1C3716E}"
EndProject
Project("{FAE04EC0-301F-11D3-BF4B-00C04F79EFBC}") = "CollectionAdmin_Entities", "CollectionAdmin_Entities\CollectionAdmin_Entities.csproj", "{E3EF8F63-B763-4210-8DCC-CE433FD5B830}"
EndProject
Project("{FAE04EC0-301F-11D3-BF4B-00C04F79EFBC}") = "CollectionAdmin_Factory", "CollectionAdmin_Factory\CollectionAdmin_Factory.csproj", "{2B91AF02-8E74-4F4D-8F66-1816F1D47322}"
EndProject
Project("{FAE04EC0-301F-11D3-BF4B-00C04F79EFBC}") = "CollectionAdmin_Logic", "CollectionAdmin_Logic\CollectionAdmin_Logic.csproj", "{037777C8-1E8E-4103-AF96-7F41EB2BA4C9}"
EndProject
Project("{2150E333-8FDC-42A3-9474-1A3956D46DE8}") = "Admin", "Admin", "{B1E41F15-A418-4E9A-BE8D-17829C3DC718}"
EndProject
Project("{2150E333-8FDC-42A3-9474-1A3956D46DE8}") = "Client", "Client", "{7E0DB51F-9127-4938-907A-C25E828B0E3D}"
EndProject
Project("{2150E333-8FDC-42A3-9474-1A3956D46DE8}") = "Services", "Services", "{5065EEA1-7CF0-43EB-807A-9020D9626AF7}"
EndProject
Project("{2150E333-8FDC-42A3-9474-1A3956D46DE8}") = "Product", "Product", "{56941B98-3EF9-4255-850C-AD28056A8603}"
EndProject
Project("{FAE04EC0-301F-11D3-BF4B-00C04F79EFBC}") = "ProductLogic", "Services\Product\ProductLogic\ProductLogic.csproj", "{D41DC28F-269F-4012-B7C9-5216F7BC7244}"
EndProject
Project("{FAE04EC0-301F-11D3-BF4B-00C04F79EFBC}") = "ProductData", "Services\Product\ProductData\ProductData.csproj", "{2481CCD7-C432-4E39-B26F-1F40DD6925D3}"
EndProject
Project("{FAE04EC0-301F-11D3-BF4B-00C04F79EFBC}") = "ProductEntities", "Services\Product\ProductEntities\ProductEntities.csproj", "{1DD614FF-6089-49A3-B858-8E08BEF15846}"
EndProject
Project("{FAE04EC0-301F-11D3-BF4B-00C04F79EFBC}") = "ProductFactory", "Services\Product\ProductFactory\ProductFactory.csproj", "{5997467B-2DB0-495E-9787-7804837C18DF}"
EndProject
Project("{9A19103F-16F7-4668-BE54-9A1E7A4F7556}") = "ProductService", "Services\Product\ProductService\ProductService.csproj", "{E1D75837-5FE4-46C1-B16C-C49C91B02C59}"
EndProject
Project("{2150E333-8FDC-42A3-9474-1A3956D46DE8}") = "Authentication", "Authentication", "{5413C2FF-BB4D-4D08-96D1-BF7A3BA71E54}"
EndProject
Project("{FAE04EC0-301F-11D3-BF4B-00C04F79EFBC}") = "AuthenticationFactory", "Services\Authentication\AuthenticationFactory\AuthenticationFactory.csproj", "{9B4E390A-1579-4EF6-BDB1-8864AB75B944}"
EndProject
Project("{FAE04EC0-301F-11D3-BF4B-00C04F79EFBC}") = "AuthenicationEntitities", "Services\Authentication\AuthenicationEntitities\AuthenicationEntitities.csproj", "{E5F65651-8A60-4627-A964-138BD735190D}"
EndProject
Project("{FAE04EC0-301F-11D3-BF4B-00C04F79EFBC}") = "AuthenticationData", "Services\Authentication\AuthenticationData\AuthenticationData.csproj", "{556449EC-82BB-42DD-AC60-31381D0CC2DC}"
EndProject
Project("{FAE04EC0-301F-11D3-BF4B-00C04F79EFBC}") = "AuthenticationLogic", "Services\Authentication\AuthenticationLogic\AuthenticationLogic.csproj", "{994F6C7C-D339-4D02-B6CF-37E9331EB9B6}"
EndProject
Project("{9A19103F-16F7-4668-BE54-9A1E7A4F7556}") = "AuthenticationService", "Services\Authentication\AuthenticationService\AuthenticationService.csproj", "{BE4FE4A4-876F-45BF-8403-9FD3972F4D68}"
EndProject
Project("{FAE04EC0-301F-11D3-BF4B-00C04F79EFBC}") = "CollectionAuth", "..\CollectionAuth\CollectionAuth.csproj", "{F6AE4A85-64DC-4711-B2F4-B2C6E364120C}"
EndProject
Global
	GlobalSection(SolutionConfigurationPlatforms) = preSolution
		Debug|Any CPU = Debug|Any CPU
		Release|Any CPU = Release|Any CPU
	EndGlobalSection
	GlobalSection(ProjectConfigurationPlatforms) = postSolution
		{444CADAA-894A-468F-9496-8DA47FCC47B9}.Debug|Any CPU.ActiveCfg = Debug|Any CPU
		{444CADAA-894A-468F-9496-8DA47FCC47B9}.Debug|Any CPU.Build.0 = Debug|Any CPU
		{444CADAA-894A-468F-9496-8DA47FCC47B9}.Release|Any CPU.ActiveCfg = Release|Any CPU
		{444CADAA-894A-468F-9496-8DA47FCC47B9}.Release|Any CPU.Build.0 = Release|Any CPU
		{95D59C7A-D2B2-4B3B-9404-7ADD909775EC}.Debug|Any CPU.ActiveCfg = Debug|Any CPU
		{95D59C7A-D2B2-4B3B-9404-7ADD909775EC}.Debug|Any CPU.Build.0 = Debug|Any CPU
		{95D59C7A-D2B2-4B3B-9404-7ADD909775EC}.Release|Any CPU.ActiveCfg = Release|Any CPU
		{95D59C7A-D2B2-4B3B-9404-7ADD909775EC}.Release|Any CPU.Build.0 = Release|Any CPU
		{8AD0390C-9146-4BF3-8E68-96456548C5BA}.Debug|Any CPU.ActiveCfg = Debug|Any CPU
		{8AD0390C-9146-4BF3-8E68-96456548C5BA}.Debug|Any CPU.Build.0 = Debug|Any CPU
		{8AD0390C-9146-4BF3-8E68-96456548C5BA}.Release|Any CPU.ActiveCfg = Release|Any CPU
		{8AD0390C-9146-4BF3-8E68-96456548C5BA}.Release|Any CPU.Build.0 = Release|Any CPU
		{6595C612-6B0A-4EAB-9A6F-405206B507F2}.Debug|Any CPU.ActiveCfg = Debug|Any CPU
		{6595C612-6B0A-4EAB-9A6F-405206B507F2}.Debug|Any CPU.Build.0 = Debug|Any CPU
		{6595C612-6B0A-4EAB-9A6F-405206B507F2}.Release|Any CPU.ActiveCfg = Release|Any CPU
		{6595C612-6B0A-4EAB-9A6F-405206B507F2}.Release|Any CPU.Build.0 = Release|Any CPU
		{4CB8ABF1-6C70-4FA3-ABA3-2D0965EB9A44}.Debug|Any CPU.ActiveCfg = Debug|Any CPU
		{4CB8ABF1-6C70-4FA3-ABA3-2D0965EB9A44}.Debug|Any CPU.Build.0 = Debug|Any CPU
		{4CB8ABF1-6C70-4FA3-ABA3-2D0965EB9A44}.Release|Any CPU.ActiveCfg = Release|Any CPU
		{4CB8ABF1-6C70-4FA3-ABA3-2D0965EB9A44}.Release|Any CPU.Build.0 = Release|Any CPU
		{206FAC63-040C-47B3-AE5A-6649BB9BBFB9}.Debug|Any CPU.ActiveCfg = Debug|Any CPU
		{206FAC63-040C-47B3-AE5A-6649BB9BBFB9}.Debug|Any CPU.Build.0 = Debug|Any CPU
		{206FAC63-040C-47B3-AE5A-6649BB9BBFB9}.Release|Any CPU.ActiveCfg = Release|Any CPU
		{206FAC63-040C-47B3-AE5A-6649BB9BBFB9}.Release|Any CPU.Build.0 = Release|Any CPU
		{53F643DB-0F9B-4868-979B-679A5AECF9AD}.Debug|Any CPU.ActiveCfg = Debug|Any CPU
		{53F643DB-0F9B-4868-979B-679A5AECF9AD}.Debug|Any CPU.Build.0 = Debug|Any CPU
		{53F643DB-0F9B-4868-979B-679A5AECF9AD}.Release|Any CPU.ActiveCfg = Release|Any CPU
		{53F643DB-0F9B-4868-979B-679A5AECF9AD}.Release|Any CPU.Build.0 = Release|Any CPU
		{5D8BC941-9E1E-4374-9734-8A50EBBD970A}.Debug|Any CPU.ActiveCfg = Debug|Any CPU
		{5D8BC941-9E1E-4374-9734-8A50EBBD970A}.Debug|Any CPU.Build.0 = Debug|Any CPU
		{5D8BC941-9E1E-4374-9734-8A50EBBD970A}.Release|Any CPU.ActiveCfg = Release|Any CPU
		{5D8BC941-9E1E-4374-9734-8A50EBBD970A}.Release|Any CPU.Build.0 = Release|Any CPU
		{DBBA6893-414A-423E-9597-816CB1C3716E}.Debug|Any CPU.ActiveCfg = Debug|Any CPU
		{DBBA6893-414A-423E-9597-816CB1C3716E}.Debug|Any CPU.Build.0 = Debug|Any CPU
		{DBBA6893-414A-423E-9597-816CB1C3716E}.Release|Any CPU.ActiveCfg = Release|Any CPU
		{DBBA6893-414A-423E-9597-816CB1C3716E}.Release|Any CPU.Build.0 = Release|Any CPU
		{E3EF8F63-B763-4210-8DCC-CE433FD5B830}.Debug|Any CPU.ActiveCfg = Debug|Any CPU
		{E3EF8F63-B763-4210-8DCC-CE433FD5B830}.Debug|Any CPU.Build.0 = Debug|Any CPU
		{E3EF8F63-B763-4210-8DCC-CE433FD5B830}.Release|Any CPU.ActiveCfg = Release|Any CPU
		{E3EF8F63-B763-4210-8DCC-CE433FD5B830}.Release|Any CPU.Build.0 = Release|Any CPU
		{2B91AF02-8E74-4F4D-8F66-1816F1D47322}.Debug|Any CPU.ActiveCfg = Debug|Any CPU
		{2B91AF02-8E74-4F4D-8F66-1816F1D47322}.Debug|Any CPU.Build.0 = Debug|Any CPU
		{2B91AF02-8E74-4F4D-8F66-1816F1D47322}.Release|Any CPU.ActiveCfg = Release|Any CPU
		{2B91AF02-8E74-4F4D-8F66-1816F1D47322}.Release|Any CPU.Build.0 = Release|Any CPU
		{037777C8-1E8E-4103-AF96-7F41EB2BA4C9}.Debug|Any CPU.ActiveCfg = Debug|Any CPU
		{037777C8-1E8E-4103-AF96-7F41EB2BA4C9}.Debug|Any CPU.Build.0 = Debug|Any CPU
		{037777C8-1E8E-4103-AF96-7F41EB2BA4C9}.Release|Any CPU.ActiveCfg = Release|Any CPU
		{037777C8-1E8E-4103-AF96-7F41EB2BA4C9}.Release|Any CPU.Build.0 = Release|Any CPU
		{D41DC28F-269F-4012-B7C9-5216F7BC7244}.Debug|Any CPU.ActiveCfg = Debug|Any CPU
		{D41DC28F-269F-4012-B7C9-5216F7BC7244}.Debug|Any CPU.Build.0 = Debug|Any CPU
		{D41DC28F-269F-4012-B7C9-5216F7BC7244}.Release|Any CPU.ActiveCfg = Release|Any CPU
		{D41DC28F-269F-4012-B7C9-5216F7BC7244}.Release|Any CPU.Build.0 = Release|Any CPU
		{2481CCD7-C432-4E39-B26F-1F40DD6925D3}.Debug|Any CPU.ActiveCfg = Debug|Any CPU
		{2481CCD7-C432-4E39-B26F-1F40DD6925D3}.Debug|Any CPU.Build.0 = Debug|Any CPU
		{2481CCD7-C432-4E39-B26F-1F40DD6925D3}.Release|Any CPU.ActiveCfg = Release|Any CPU
		{2481CCD7-C432-4E39-B26F-1F40DD6925D3}.Release|Any CPU.Build.0 = Release|Any CPU
		{1DD614FF-6089-49A3-B858-8E08BEF15846}.Debug|Any CPU.ActiveCfg = Debug|Any CPU
		{1DD614FF-6089-49A3-B858-8E08BEF15846}.Debug|Any CPU.Build.0 = Debug|Any CPU
		{1DD614FF-6089-49A3-B858-8E08BEF15846}.Release|Any CPU.ActiveCfg = Release|Any CPU
		{1DD614FF-6089-49A3-B858-8E08BEF15846}.Release|Any CPU.Build.0 = Release|Any CPU
		{5997467B-2DB0-495E-9787-7804837C18DF}.Debug|Any CPU.ActiveCfg = Debug|Any CPU
		{5997467B-2DB0-495E-9787-7804837C18DF}.Debug|Any CPU.Build.0 = Debug|Any CPU
		{5997467B-2DB0-495E-9787-7804837C18DF}.Release|Any CPU.ActiveCfg = Release|Any CPU
		{5997467B-2DB0-495E-9787-7804837C18DF}.Release|Any CPU.Build.0 = Release|Any CPU
		{E1D75837-5FE4-46C1-B16C-C49C91B02C59}.Debug|Any CPU.ActiveCfg = Debug|Any CPU
		{E1D75837-5FE4-46C1-B16C-C49C91B02C59}.Debug|Any CPU.Build.0 = Debug|Any CPU
		{E1D75837-5FE4-46C1-B16C-C49C91B02C59}.Release|Any CPU.ActiveCfg = Release|Any CPU
		{E1D75837-5FE4-46C1-B16C-C49C91B02C59}.Release|Any CPU.Build.0 = Release|Any CPU
		{9B4E390A-1579-4EF6-BDB1-8864AB75B944}.Debug|Any CPU.ActiveCfg = Debug|Any CPU
		{9B4E390A-1579-4EF6-BDB1-8864AB75B944}.Debug|Any CPU.Build.0 = Debug|Any CPU
		{9B4E390A-1579-4EF6-BDB1-8864AB75B944}.Release|Any CPU.ActiveCfg = Release|Any CPU
		{9B4E390A-1579-4EF6-BDB1-8864AB75B944}.Release|Any CPU.Build.0 = Release|Any CPU
		{E5F65651-8A60-4627-A964-138BD735190D}.Debug|Any CPU.ActiveCfg = Debug|Any CPU
		{E5F65651-8A60-4627-A964-138BD735190D}.Debug|Any CPU.Build.0 = Debug|Any CPU
		{E5F65651-8A60-4627-A964-138BD735190D}.Release|Any CPU.ActiveCfg = Release|Any CPU
		{E5F65651-8A60-4627-A964-138BD735190D}.Release|Any CPU.Build.0 = Release|Any CPU
		{556449EC-82BB-42DD-AC60-31381D0CC2DC}.Debug|Any CPU.ActiveCfg = Debug|Any CPU
		{556449EC-82BB-42DD-AC60-31381D0CC2DC}.Debug|Any CPU.Build.0 = Debug|Any CPU
		{556449EC-82BB-42DD-AC60-31381D0CC2DC}.Release|Any CPU.ActiveCfg = Release|Any CPU
		{556449EC-82BB-42DD-AC60-31381D0CC2DC}.Release|Any CPU.Build.0 = Release|Any CPU
		{994F6C7C-D339-4D02-B6CF-37E9331EB9B6}.Debug|Any CPU.ActiveCfg = Debug|Any CPU
		{994F6C7C-D339-4D02-B6CF-37E9331EB9B6}.Debug|Any CPU.Build.0 = Debug|Any CPU
		{994F6C7C-D339-4D02-B6CF-37E9331EB9B6}.Release|Any CPU.ActiveCfg = Release|Any CPU
		{994F6C7C-D339-4D02-B6CF-37E9331EB9B6}.Release|Any CPU.Build.0 = Release|Any CPU
		{BE4FE4A4-876F-45BF-8403-9FD3972F4D68}.Debug|Any CPU.ActiveCfg = Debug|Any CPU
		{BE4FE4A4-876F-45BF-8403-9FD3972F4D68}.Debug|Any CPU.Build.0 = Debug|Any CPU
		{BE4FE4A4-876F-45BF-8403-9FD3972F4D68}.Release|Any CPU.ActiveCfg = Release|Any CPU
		{BE4FE4A4-876F-45BF-8403-9FD3972F4D68}.Release|Any CPU.Build.0 = Release|Any CPU
		{F6AE4A85-64DC-4711-B2F4-B2C6E364120C}.Debug|Any CPU.ActiveCfg = Debug|Any CPU
		{F6AE4A85-64DC-4711-B2F4-B2C6E364120C}.Debug|Any CPU.Build.0 = Debug|Any CPU
		{F6AE4A85-64DC-4711-B2F4-B2C6E364120C}.Release|Any CPU.ActiveCfg = Release|Any CPU
		{F6AE4A85-64DC-4711-B2F4-B2C6E364120C}.Release|Any CPU.Build.0 = Release|Any CPU
	EndGlobalSection
	GlobalSection(SolutionProperties) = preSolution
		HideSolutionNode = FALSE
	EndGlobalSection
	GlobalSection(NestedProjects) = preSolution
		{444CADAA-894A-468F-9496-8DA47FCC47B9} = {7E0DB51F-9127-4938-907A-C25E828B0E3D}
		{95D59C7A-D2B2-4B3B-9404-7ADD909775EC} = {7E0DB51F-9127-4938-907A-C25E828B0E3D}
		{8AD0390C-9146-4BF3-8E68-96456548C5BA} = {7E0DB51F-9127-4938-907A-C25E828B0E3D}
		{6595C612-6B0A-4EAB-9A6F-405206B507F2} = {7E0DB51F-9127-4938-907A-C25E828B0E3D}
		{4CB8ABF1-6C70-4FA3-ABA3-2D0965EB9A44} = {7E0DB51F-9127-4938-907A-C25E828B0E3D}
		{53F643DB-0F9B-4868-979B-679A5AECF9AD} = {7E0DB51F-9127-4938-907A-C25E828B0E3D}
		{5D8BC941-9E1E-4374-9734-8A50EBBD970A} = {B1E41F15-A418-4E9A-BE8D-17829C3DC718}
		{DBBA6893-414A-423E-9597-816CB1C3716E} = {B1E41F15-A418-4E9A-BE8D-17829C3DC718}
		{E3EF8F63-B763-4210-8DCC-CE433FD5B830} = {B1E41F15-A418-4E9A-BE8D-17829C3DC718}
		{2B91AF02-8E74-4F4D-8F66-1816F1D47322} = {B1E41F15-A418-4E9A-BE8D-17829C3DC718}
		{037777C8-1E8E-4103-AF96-7F41EB2BA4C9} = {B1E41F15-A418-4E9A-BE8D-17829C3DC718}
		{56941B98-3EF9-4255-850C-AD28056A8603} = {5065EEA1-7CF0-43EB-807A-9020D9626AF7}
		{D41DC28F-269F-4012-B7C9-5216F7BC7244} = {56941B98-3EF9-4255-850C-AD28056A8603}
		{2481CCD7-C432-4E39-B26F-1F40DD6925D3} = {56941B98-3EF9-4255-850C-AD28056A8603}
		{1DD614FF-6089-49A3-B858-8E08BEF15846} = {56941B98-3EF9-4255-850C-AD28056A8603}
		{5997467B-2DB0-495E-9787-7804837C18DF} = {56941B98-3EF9-4255-850C-AD28056A8603}
		{E1D75837-5FE4-46C1-B16C-C49C91B02C59} = {56941B98-3EF9-4255-850C-AD28056A8603}
		{5413C2FF-BB4D-4D08-96D1-BF7A3BA71E54} = {5065EEA1-7CF0-43EB-807A-9020D9626AF7}
		{9B4E390A-1579-4EF6-BDB1-8864AB75B944} = {5413C2FF-BB4D-4D08-96D1-BF7A3BA71E54}
		{E5F65651-8A60-4627-A964-138BD735190D} = {5413C2FF-BB4D-4D08-96D1-BF7A3BA71E54}
		{556449EC-82BB-42DD-AC60-31381D0CC2DC} = {5413C2FF-BB4D-4D08-96D1-BF7A3BA71E54}
		{994F6C7C-D339-4D02-B6CF-37E9331EB9B6} = {5413C2FF-BB4D-4D08-96D1-BF7A3BA71E54}
		{BE4FE4A4-876F-45BF-8403-9FD3972F4D68} = {5413C2FF-BB4D-4D08-96D1-BF7A3BA71E54}
		{F6AE4A85-64DC-4711-B2F4-B2C6E364120C} = {7E0DB51F-9127-4938-907A-C25E828B0E3D}
	EndGlobalSection
	GlobalSection(ExtensibilityGlobals) = postSolution
		SolutionGuid = {E58B6F09-5B57-450B-901C-71DA7480894D}
	EndGlobalSection
EndGlobal
