
Microsoft Visual Studio Solution File, Format Version 12.00
# Visual Studio Version 16
VisualStudioVersion = 16.0.30104.148
MinimumVisualStudioVersion = 10.0.40219.1
Project("{9A19103F-16F7-4668-BE54-9A1E7A4F7556}") = "CollectionApp", "CollectionApp\CollectionApp.csproj", "{444CADAA-894A-468F-9496-8DA47FCC47B9}"
EndProject
Project("{FAE04EC0-301F-11D3-BF4B-00C04F79EFBC}") = "CollectionLogic", "CollectionLogic\CollectionLogic.csproj", "{95D59C7A-D2B2-4B3B-9404-7ADD909775EC}"
EndProject
Project("{FAE04EC0-301F-11D3-BF4B-00C04F79EFBC}") = "CollectionData", "CollectionData\CollectionData.csproj", "{8AD0390C-9146-4BF3-8E68-96456548C5BA}"
EndProject
Project("{FAE04EC0-301F-11D3-BF4B-00C04F79EFBC}") = "CollectionEntities", "CollectionEntities\CollectionEntities.csproj", "{6595C612-6B0A-4EAB-9A6F-405206B507F2}"
EndProject
Project("{FAE04EC0-301F-11D3-BF4B-00C04F79EFBC}") = "CollectionFactory", "CollectionFactory\CollectionFactory.csproj", "{4CB8ABF1-6C70-4FA3-ABA3-2D0965EB9A44}"
EndProject
Global
	GlobalSection(SolutionConfigurationPlatforms) = preSolution
		Debug|Any CPU = Debug|Any CPU
		Release|Any CPU = Release|Any CPU
	EndGlobalSection
	GlobalSection(ProjectConfigurationPlatforms) = postSolution
		{444CADAA-894A-468F-9496-8DA47FCC47B9}.Debug|Any CPU.ActiveCfg = Debug|Any CPU
		{444CADAA-894A-468F-9496-8DA47FCC47B9}.Debug|Any CPU.Build.0 = Debug|Any CPU
		{444CADAA-894A-468F-9496-8DA47FCC47B9}.Release|Any CPU.ActiveCfg = Release|Any CPU
		{444CADAA-894A-468F-9496-8DA47FCC47B9}.Release|Any CPU.Build.0 = Release|Any CPU
		{95D59C7A-D2B2-4B3B-9404-7ADD909775EC}.Debug|Any CPU.ActiveCfg = Debug|Any CPU
		{95D59C7A-D2B2-4B3B-9404-7ADD909775EC}.Debug|Any CPU.Build.0 = Debug|Any CPU
		{95D59C7A-D2B2-4B3B-9404-7ADD909775EC}.Release|Any CPU.ActiveCfg = Release|Any CPU
		{95D59C7A-D2B2-4B3B-9404-7ADD909775EC}.Release|Any CPU.Build.0 = Release|Any CPU
		{8AD0390C-9146-4BF3-8E68-96456548C5BA}.Debug|Any CPU.ActiveCfg = Debug|Any CPU
		{8AD0390C-9146-4BF3-8E68-96456548C5BA}.Debug|Any CPU.Build.0 = Debug|Any CPU
		{8AD0390C-9146-4BF3-8E68-96456548C5BA}.Release|Any CPU.ActiveCfg = Release|Any CPU
		{8AD0390C-9146-4BF3-8E68-96456548C5BA}.Release|Any CPU.Build.0 = Release|Any CPU
		{6595C612-6B0A-4EAB-9A6F-405206B507F2}.Debug|Any CPU.ActiveCfg = Debug|Any CPU
		{6595C612-6B0A-4EAB-9A6F-405206B507F2}.Debug|Any CPU.Build.0 = Debug|Any CPU
		{6595C612-6B0A-4EAB-9A6F-405206B507F2}.Release|Any CPU.ActiveCfg = Release|Any CPU
		{6595C612-6B0A-4EAB-9A6F-405206B507F2}.Release|Any CPU.Build.0 = Release|Any CPU
		{4CB8ABF1-6C70-4FA3-ABA3-2D0965EB9A44}.Debug|Any CPU.ActiveCfg = Debug|Any CPU
		{4CB8ABF1-6C70-4FA3-ABA3-2D0965EB9A44}.Debug|Any CPU.Build.0 = Debug|Any CPU
		{4CB8ABF1-6C70-4FA3-ABA3-2D0965EB9A44}.Release|Any CPU.ActiveCfg = Release|Any CPU
		{4CB8ABF1-6C70-4FA3-ABA3-2D0965EB9A44}.Release|Any CPU.Build.0 = Release|Any CPU
	EndGlobalSection
	GlobalSection(SolutionProperties) = preSolution
		HideSolutionNode = FALSE
	EndGlobalSection
	GlobalSection(ExtensibilityGlobals) = postSolution
		SolutionGuid = {E58B6F09-5B57-450B-901C-71DA7480894D}
	EndGlobalSection
EndGlobal
